
Microsoft Visual Studio Solution File, Format Version 12.00
# Visual Studio Version 16
VisualStudioVersion = 16.0.29920.165
MinimumVisualStudioVersion = 10.0.40219.1
Project("{FAE04EC0-301F-11D3-BF4B-00C04F79EFBC}") = "Demo", "Demo\Demo.csproj", "{B3F3DC14-A87B-45E9-A4D0-B7A624F6CF28}"
EndProject
Global
	GlobalSection(SolutionConfigurationPlatforms) = preSolution
		Debug|Any CPU = Debug|Any CPU
		Release|Any CPU = Release|Any CPU
	EndGlobalSection
	GlobalSection(ProjectConfigurationPlatforms) = postSolution
		{B3F3DC14-A87B-45E9-A4D0-B7A624F6CF28}.Debug|Any CPU.ActiveCfg = Debug|Any CPU
		{B3F3DC14-A87B-45E9-A4D0-B7A624F6CF28}.Debug|Any CPU.Build.0 = Debug|Any CPU
		{B3F3DC14-A87B-45E9-A4D0-B7A624F6CF28}.Release|Any CPU.ActiveCfg = Release|Any CPU
		{B3F3DC14-A87B-45E9-A4D0-B7A624F6CF28}.Release|Any CPU.Build.0 = Release|Any CPU
	EndGlobalSection
	GlobalSection(SolutionProperties) = preSolution
		HideSolutionNode = FALSE
	EndGlobalSection
	GlobalSection(ExtensibilityGlobals) = postSolution
		SolutionGuid = {98CE0ADA-EF21-42AE-B6C3-B289963EED01}
	EndGlobalSection
EndGlobal
